
Microsoft Visual Studio Solution File, Format Version 12.00
# Visual Studio Version 16
VisualStudioVersion = 16.0.30503.244
MinimumVisualStudioVersion = 10.0.40219.1
Project("{FAE04EC0-301F-11D3-BF4B-00C04F79EFBC}") = "AluguelCarros", "AluguelCarros\AluguelCarros.csproj", "{D2335191-FD49-4BDB-9845-DCB8FF208A09}"
EndProject
Global
	GlobalSection(SolutionConfigurationPlatforms) = preSolution
		Debug|Any CPU = Debug|Any CPU
		Release|Any CPU = Release|Any CPU
	EndGlobalSection
	GlobalSection(ProjectConfigurationPlatforms) = postSolution
		{D2335191-FD49-4BDB-9845-DCB8FF208A09}.Debug|Any CPU.ActiveCfg = Debug|Any CPU
		{D2335191-FD49-4BDB-9845-DCB8FF208A09}.Debug|Any CPU.Build.0 = Debug|Any CPU
		{D2335191-FD49-4BDB-9845-DCB8FF208A09}.Release|Any CPU.ActiveCfg = Release|Any CPU
		{D2335191-FD49-4BDB-9845-DCB8FF208A09}.Release|Any CPU.Build.0 = Release|Any CPU
	EndGlobalSection
	GlobalSection(SolutionProperties) = preSolution
		HideSolutionNode = FALSE
	EndGlobalSection
	GlobalSection(ExtensibilityGlobals) = postSolution
		SolutionGuid = {AF7FE16E-044E-4A93-B6A8-24DB00DE60C0}
	EndGlobalSection
EndGlobal
